
Microsoft Visual Studio Solution File, Format Version 12.00
# Visual Studio Version 16
VisualStudioVersion = 16.0.31729.503
MinimumVisualStudioVersion = 10.0.40219.1
Project("{FAE04EC0-301F-11D3-BF4B-00C04F79EFBC}") = "AccountOwnerServer", "AccountOwnerServer\AccountOwnerServer.csproj", "{7D7482B4-44C0-4A6B-AF1B-6479EE6454AF}"
EndProject
Global
	GlobalSection(SolutionConfigurationPlatforms) = preSolution
		Debug|Any CPU = Debug|Any CPU
		Release|Any CPU = Release|Any CPU
	EndGlobalSection
	GlobalSection(ProjectConfigurationPlatforms) = postSolution
		{7D7482B4-44C0-4A6B-AF1B-6479EE6454AF}.Debug|Any CPU.ActiveCfg = Debug|Any CPU
		{7D7482B4-44C0-4A6B-AF1B-6479EE6454AF}.Debug|Any CPU.Build.0 = Debug|Any CPU
		{7D7482B4-44C0-4A6B-AF1B-6479EE6454AF}.Release|Any CPU.ActiveCfg = Release|Any CPU
		{7D7482B4-44C0-4A6B-AF1B-6479EE6454AF}.Release|Any CPU.Build.0 = Release|Any CPU
	EndGlobalSection
	GlobalSection(SolutionProperties) = preSolution
		HideSolutionNode = FALSE
	EndGlobalSection
	GlobalSection(ExtensibilityGlobals) = postSolution
		SolutionGuid = {D14CBBC3-F14B-422D-8401-E33E8B21AA51}
	EndGlobalSection
EndGlobal
